
Microsoft Visual Studio Solution File, Format Version 12.00
# Visual Studio Version 16
VisualStudioVersion = 16.0.31729.503
MinimumVisualStudioVersion = 10.0.40219.1
Project("{FAE04EC0-301F-11D3-BF4B-00C04F79EFBC}") = "2048 Game", "2048 Game\2048 Game.csproj", "{8B94DC4C-28F6-4D79-AB3F-3FA300770A58}"
EndProject
Global
	GlobalSection(SolutionConfigurationPlatforms) = preSolution
		Debug|Any CPU = Debug|Any CPU
		Release|Any CPU = Release|Any CPU
	EndGlobalSection
	GlobalSection(ProjectConfigurationPlatforms) = postSolution
		{8B94DC4C-28F6-4D79-AB3F-3FA300770A58}.Debug|Any CPU.ActiveCfg = Debug|Any CPU
		{8B94DC4C-28F6-4D79-AB3F-3FA300770A58}.Debug|Any CPU.Build.0 = Debug|Any CPU
		{8B94DC4C-28F6-4D79-AB3F-3FA300770A58}.Release|Any CPU.ActiveCfg = Release|Any CPU
		{8B94DC4C-28F6-4D79-AB3F-3FA300770A58}.Release|Any CPU.Build.0 = Release|Any CPU
	EndGlobalSection
	GlobalSection(SolutionProperties) = preSolution
		HideSolutionNode = FALSE
	EndGlobalSection
	GlobalSection(ExtensibilityGlobals) = postSolution
		SolutionGuid = {302B2AA3-7A6D-4495-8786-39C7ACA3B16F}
	EndGlobalSection
EndGlobal
